{
  "name": "infrastructure-primitives-shared",
  "version": "1.0.0",
  "lockfileVersion": 3,
  "requires": true,
  "packages": {
    "": {
      "name": "infrastructure-primitives-shared",
      "version": "1.0.0",
      "license": "ISC",
      "devDependencies": {
        "@types/node": "^26.6.3",
        "constructs": "^10.8.1",
        "typescript": "^7.0.2"
      },
      "peerDependencies": {
        "@cdktf/provider-google": "^16.12.1",
        "cdktf": "^0.21.0"
      }
    },
    "node_modules/@cdktf/provider-google": {
      "version": "16.12.1",
      "resolved": "https://registry.npmjs.org/@cdktf/provider-google/-/provider-google-16.12.1.tgz",
      "integrity": "sha512-KqNA/5RiFT07r0PSZ6/07cJ2zESUgbj1JchVj21iBFBZVUbD+578xA/k8eq/r0cbyEgLmg9eYWeVslaYah4DCQ==",
      "deprecated": "See https://cdk.tf/imports for details on how to continue to use the google provider in your CDK for Terraform (CDKTF) projects by generating the bindings locally.",
      "license": "MPL-2.0",
      "peer": true,
      "engines": {
        "node": ">= 20.9.0"
      },
      "peerDependencies": {
        "cdktf": "^0.21.0",
        "constructs": "^10.4.2"
      }
    },
    "node_modules/@types/node": {
      "version": "26.6.4",
      "resolved": "https://registry.npmjs.org/@types/node/-/node-26.6.4.tgz",
      "integrity": "sha512-ldVPDCzj7fsaGZrLB0NuHuTvJcsNasysBAqMolr/cgxrLd1xbqxIr3XJiPnHHJUCxj5sNF1vnRj9aWnrVh5Jcg==",
      "dev": true,
      "license": "MIT",
      "dependencies": {
        "undici-types": "~8.9.0"
      }
    },
    "node_modules/@typescript/typescript-aix-ppc64": {
      "version": "7.0.2",
      "resolved": "https://registry.npmjs.org/@typescript/typescript-aix-ppc64/-/typescript-aix-ppc64-7.0.2.tgz",
      "integrity": "sha512-MTKKkWB7p/0E9xi1d1tHtZ5PiLkGEMIq88pK2CubZjOsLtYTLqhgIgi6zepFa+9GHZ6h05NMCkQxGKiPXMxXtQ==",
      "cpu": [
        "ppc64"
      ],
      "dev": true,
      "license": "Apache-2.0",
      "optional": true,
      "os": [
        "aix"
      ],
      "engines": {
        "node": ">=16.20.0"
      }
    },
    "node_modules/@typescript/typescript-darwin-arm64": {
      "version": "7.0.2",
      "resolved": "https://registry.npmjs.org/@typescript/typescript-darwin-arm64/-/typescript-darwin-arm64-7.0.2.tgz",
      "integrity": "sha512-gowzar9MwS/aRWp6f3a4KUqzRjAZjOsmGNCM6LcTgXum+dBfgsBVMN+AgvOCCbguXyick6LJhpBszxMebJ8syA==",
      "cpu": [
        "arm64"
      ],
      "dev": true,
      "license": "Apache-2.0",
      "optional": true,
      "os": [
        "darwin"
      ],
      "engines": {
        "node": ">=16.20.0"
      }
    },
    "node_modules/@typescript/typescript-darwin-x64": {
      "version": "7.0.2",
      "resolved": "https://registry.npmjs.org/@typescript/typescript-darwin-x64/-/typescript-darwin-x64-7.0.2.tgz",
      "integrity": "sha512-SZ9xZInqApNlNGc9s0W1VSsktYSOe9cFqNOIqmN1Gs8SmkjKZYFt017G4VwPxASInODuAdbTW7sXiFUf893RgA==",
      "cpu": [
        "x64"
      ],
      "dev": true,
      "license": "Apache-2.0",
      "optional": true,
      "os": [
        "darwin"
      ],
      "engines": {
        "node": ">=16.20.0"
      }
    },
    "node_modules/@typescript/typescript-freebsd-arm64": {
      "version": "7.0.2",
      "resolved": "https://registry.npmjs.org/@typescript/typescript-freebsd-arm64/-/typescript-freebsd-arm64-7.0.2.tgz",
      "integrity": "sha512-W5NH4y/J0plIIS5b2xvTEkU7JFxyqdMAOgf+Ilhl0vHQXKO5dZoxd+C/jEtq56c4F3wk71RB4BMRQ2XdI+bwYQ==",
      "cpu": [
        "arm64"
      ],
      "dev": true,
      "license": "Apache-2.0",
      "optional": true,
      "os": [
        "freebsd"
      ],
      "engines": {
        "node": ">=16.20.0"
      }
    },
    "node_modules/@typescript/typescript-freebsd-x64": {
      "version": "7.0.2",
      "resolved": "https://registry.npmjs.org/@typescript/typescript-freebsd-x64/-/typescript-freebsd-x64-7.0.2.tgz",
      "integrity": "sha512-UMGDx5sTpzNw3WiPebH7l90IWfJggEd+egHt/q6p7/Cm3zqoV7VxkGXt+3DxPIw8CcmvAB0j3sVVfbhX+M4Tpw==",
      "cpu": [
        "x64"
      ],
      "dev": true,
      "license": "Apache-2.0",
      "optional": true,
      "os": [
        "freebsd"
      ],
      "engines": {
        "node": ">=16.20.0"
      }
    },
    "node_modules/@typescript/typescript-linux-arm": {
      "version": "7.0.2",
      "resolved": "https://registry.npmjs.org/@typescript/typescript-linux-arm/-/typescript-linux-arm-7.0.2.tgz",
      "integrity": "sha512-gffT3xPz9sR7j/YJExkyPntrI0P2EP9XbOyWzth2/Gs0RstK+90RBcO0ncXoXy/beYll1SXw846Nf2zdnEz0QQ==",
      "cpu": [
        "arm"
      ],
      "dev": true,
      "license": "Apache-2.0",
      "optional": true,
      "os": [
        "linux"
      ],
      "engines": {
        "node": ">=16.20.0"
      }
    },
    "node_modules/@typescript/typescript-linux-arm64": {
      "version": "7.0.2",
      "resolved": "https://registry.npmjs.org/@typescript/typescript-linux-arm64/-/typescript-linux-arm64-7.0.2.tgz",
      "integrity": "sha512-Qh4eU4/y3yDjnfjjyPYihMj5/ODIlmt+Bzu17OI+fiSRDW57QmU5SiN63exPRNJPKUzcc1INa1NXdrJ+MqHjUQ==",
      "cpu": [
        "arm64"
      ],
      "dev": true,
      "license": "Apache-2.0",
      "optional": true,
      "os": [
        "linux"
      ],
      "engines": {
        "node": ">=16.20.0"
      }
    },
    "node_modules/@typescript/typescript-linux-loong64": {
      "version": "7.0.2",
      "resolved": "https://registry.npmjs.org/@typescript/typescript-linux-loong64/-/typescript-linux-loong64-7.0.2.tgz",
      "integrity": "sha512-uEHck9i8hoAzXPiYRib1O7miOnz23SxIeVl6F4LXox+qov1K35jHcEW6VHKvZI+pyvl7fZEP4MCU5LYvIq1GuQ==",
      "cpu": [
        "loong64"
      ],
      "dev": true,
      "license": "Apache-2.0",
      "optional": true,
      "os": [
        "linux"
      ],
      "engines": {
        "node": ">=16.20.0"
      }
    },
    "node_modules/@typescript/typescript-linux-mips64el": {
      "version": "7.0.2",
      "resolved": "https://registry.npmjs.org/@typescript/typescript-linux-mips64el/-/typescript-linux-mips64el-7.0.2.tgz",
      "integrity": "sha512-R4KvAMnE43W5Qeqb0Ly56O3mWMWIAgsMyz36DCaycd5nbg/9kzm0liw3JocfRqyJY0KPmzFjbswozXyW0DnIYA==",
      "cpu": [
        "mips64el"
      ],
      "dev": true,
      "license": "Apache-2.0",
      "optional": true,
      "os": [
        "linux"
      ],
      "engines": {
        "node": ">=16.20.0"
      }
    },
    "node_modules/@typescript/typescript-linux-ppc64": {
      "version": "7.0.2",
      "resolved": "https://registry.npmjs.org/@typescript/typescript-linux-ppc64/-/typescript-linux-ppc64-7.0.2.tgz",
      "integrity": "sha512-DORx5b3sd/4S7eayxm4FQv+A7CrkUIGRaHiwI8oiHTAI1fAPWhF4J0vAlkC8biAlHSVVwxMQ3tjZ2/DVbnQiiA==",
      "cpu": [
        "ppc64"
      ],
      "dev": true,
      "license": "Apache-2.0",
      "optional": true,
      "os": [
        "linux"
      ],
      "engines": {
        "node": ">=16.20.0"
      }
    },
    "node_modules/@typescript/typescript-linux-riscv64": {
      "version": "7.0.2",
      "resolved": "https://registry.npmjs.org/@typescript/typescript-linux-riscv64/-/typescript-linux-riscv64-7.0.2.tgz",
      "integrity": "sha512-wf0jqEDOjrPRnKwYRyyJDRo11KMbvMFrU+q4zqKyChODBzvlkbhNQfKvLxQCcwTpdDaXSHZTVuh0JoCrKCUMHQ==",
      "cpu": [
        "riscv64"
      ],
      "dev": true,
      "license": "Apache-2.0",
      "optional": true,
      "os": [
        "linux"
      ],
      "engines": {
        "node": ">=16.20.0"
      }
    },
    "node_modules/@typescript/typescript-linux-s390x": {
      "version": "7.0.2",
      "resolved": "https://registry.npmjs.org/@typescript/typescript-linux-s390x/-/typescript-linux-s390x-7.0.2.tgz",
      "integrity": "sha512-IkwJc3L7yhytWd/ewjyxNDfOmswCm9GWMJT/ue/dU4aZNbwZeYAetq42VyLmsmSjvoX7z74X6ZaYCtzAr0EuGw==",
      "cpu": [
        "s390x"
      ],
      "dev": true,
      "license": "Apache-2.0",
      "optional": true,
      "os": [
        "linux"
      ],
      "engines": {
        "node": ">=16.20.0"
      }
    },
    "node_modules/@typescript/typescript-linux-x64": {
      "version": "7.0.2",
      "resolved": "https://registry.npmjs.org/@typescript/typescript-linux-x64/-/typescript-linux-x64-7.0.2.tgz",
      "integrity": "sha512-EYdf2cNg7rgCWJnxCdJ+F3V39O8ihb37eHAu1LK8oAFizgTQbPOK7zHHXbPt8rX24COqODXeI3sIf0fCXG7H/A==",
      "cpu": [
        "x64"
      ],
      "dev": true,
      "license": "Apache-2.0",
      "optional": true,
      "os": [
        "linux"
      ],
      "engines": {
        "node": ">=16.20.0"
      }
    },
    "node_modules/@typescript/typescript-netbsd-arm64": {
      "version": "7.0.2",
      "resolved": "https://registry.npmjs.org/@typescript/typescript-netbsd-arm64/-/typescript-netbsd-arm64-7.0.2.tgz",
      "integrity": "sha512-+polYF4MF04aPpO5FTkHran9yUQDSXqy5GiSDKpsll5jy3l3+g9QLhpf39T+ePtefhXLOGrLl0QIjkQP6VnelA==",
      "cpu": [
        "arm64"
      ],
      "dev": true,
      "license": "Apache-2.0",
      "optional": true,
      "os": [
        "netbsd"
      ],
      "engines": {
        "node": ">=16.20.0"
      }
    },
    "node_modules/@typescript/typescript-netbsd-x64": {
      "version": "7.0.2",
      "resolved": "https://registry.npmjs.org/@typescript/typescript-netbsd-x64/-/typescript-netbsd-x64-7.0.2.tgz",
      "integrity": "sha512-8YIT0EHM/3dq10ZOVF/A7pc/YSMtbcecct4rWtexrnSCHOPcpC2KTLXfTCR6vDpnSiY12heNb1GiN/wu+T/FyA==",
      "cpu": [
        "x64"
      ],
      "dev": true,
      "license": "Apache-2.0",
      "optional": true,
      "os": [
        "netbsd"
      ],
      "engines": {
        "node": ">=16.20.0"
      }
    },
    "node_modules/@typescript/typescript-openbsd-arm64": {
      "version": "7.0.2",
      "resolved": "https://registry.npmjs.org/@typescript/typescript-openbsd-arm64/-/typescript-openbsd-arm64-7.0.2.tgz",
      "integrity": "sha512-APT8+ClYnuYm1u9+kgGXoMj2VzWzcymwh2gNSQVySHfkRDGOTVkoWLjCmOQSaO+PoqQ57B0flRp9SA+7GnnkzQ==",
      "cpu": [
        "arm64"
      ],
      "dev": true,
      "license": "Apache-2.0",
      "optional": true,
      "os": [
        "openbsd"
      ],
      "engines": {
        "node": ">=16.20.0"
      }
    },
    "node_modules/@typescript/typescript-openbsd-x64": {
      "version": "7.0.2",
      "resolved": "https://registry.npmjs.org/@typescript/typescript-openbsd-x64/-/typescript-openbsd-x64-7.0.2.tgz",
      "integrity": "sha512-yX7s+Q0Dln0Dt9tEzZsAjXXR/+ytBM7AlglaqyeMPxQszJ1JhlJdZ6jLA+IzldHtflX81em7lDao1xXu+aRRkg==",
      "cpu": [
        "x64"
      ],
      "dev": true,
      "license": "Apache-2.0",
      "optional": true,
      "os": [
        "openbsd"
      ],
      "engines": {
        "node": ">=16.20.0"
      }
    },
    "node_modules/@typescript/typescript-sunos-x64": {
      "version": "7.0.2",
      "resolved": "https://registry.npmjs.org/@typescript/typescript-sunos-x64/-/typescript-sunos-x64-7.0.2.tgz",
      "integrity": "sha512-dLJDGaLZ1D4HPQn62u1n8mBDkJREwMsAkCdkwd4Ieqw+x3TUyTsqY0YiBCtE6H6OzzgGk3iuZ3vFWRS+E8/d1g==",
      "cpu": [
        "x64"
      ],
      "dev": true,
      "license": "Apache-2.0",
      "optional": true,
      "os": [
        "sunos"
      ],
      "engines": {
        "node": ">=16.20.0"
      }
    },
    "node_modules/@typescript/typescript-win32-arm64": {
      "version": "7.0.2",
      "resolved": "https://registry.npmjs.org/@typescript/typescript-win32-arm64/-/typescript-win32-arm64-7.0.2.tgz",
      "integrity": "sha512-Gyl1Vy6OsWesLzmq+EP0Fb7b4Nid5232AvcA2SFcdYreldpNtYFFofPjnt62y9hQy7VTaZp65ICJjuAQRaVcIQ==",
      "cpu": [
        "arm64"
      ],
      "dev": true,
      "license": "Apache-2.0",
      "optional": true,
      "os": [
        "win32"
      ],
      "engines": {
        "node": ">=16.20.0"
      }
    },
    "node_modules/@typescript/typescript-win32-x64": {
      "version": "7.0.2",
      "resolved": "https://registry.npmjs.org/@typescript/typescript-win32-x64/-/typescript-win32-x64-7.0.2.tgz",
      "integrity": "sha512-0BQ3HkAHHlKLSp1qRvf3SUhGpGsDuhB/jgFw75guyqbxJqEaS0Cw/VFO8i2nHglJUzQCRtMMR/IBAKE3ETMC4g==",
      "cpu": [
        "x64"
      ],
      "dev": true,
      "license": "Apache-2.0",
      "optional": true,
      "os": [
        "win32"
      ],
      "engines": {
        "node": ">=16.20.0"
      }
    },
    "node_modules/cdktf": {
      "version": "0.21.0",
      "resolved": "https://registry.npmjs.org/cdktf/-/cdktf-0.21.0.tgz",
      "integrity": "sha512-bdTOOyrFSXw0p5d7/3dye7ZWYzrUatyMjWEAAwTGoqghjygRj6Q55y1QZnSB021NRDzYZ3BhFGsOkpmIjQMzNQ==",
      "bundleDependencies": [
        "archiver",
        "json-stable-stringify",
        "semver"
      ],
      "license": "MPL-2.0",
      "peer": true,
      "dependencies": {
        "archiver": "7.0.1",
        "json-stable-stringify": "1.3.0",
        "semver": "7.7.2"
      },
      "peerDependencies": {
        "constructs": "^10.4.2"
      }
    },
    "node_modules/cdktf/node_modules/@isaacs/cliui": {
      "version": "8.0.2",
      "inBundle": true,
      "license": "ISC",
      "peer": true,
      "dependencies": {
        "string-width": "^5.1.2",
        "string-width-cjs": "npm:string-width@^4.2.0",
        "strip-ansi": "^7.0.1",
        "strip-ansi-cjs": "npm:strip-ansi@^6.0.1",
        "wrap-ansi": "^8.1.0",
        "wrap-ansi-cjs": "npm:wrap-ansi@^7.0.0"
      },
      "engines": {
        "node": ">=12"
      }
    },
    "node_modules/cdktf/node_modules/@pkgjs/parseargs": {
      "version": "0.11.0",
      "inBundle": true,
      "license": "MIT",
      "optional": true,
      "peer": true,
      "engines": {
        "node": ">=14"
      }
    },
    "node_modules/cdktf/node_modules/abort-controller": {
      "version": "3.0.0",
      "inBundle": true,
      "license": "MIT",
      "peer": true,
      "dependencies": {
        "event-target-shim": "^5.0.0"
      },
      "engines": {
        "node": ">=6.5"
      }
    },
    "node_modules/cdktf/node_modules/ansi-regex": {
      "version": "5.0.1",
      "inBundle": true,
      "license": "MIT",
      "peer": true,
      "engines": {
        "node": ">=8"
      }
    },
    "node_modules/cdktf/node_modules/ansi-styles": {
      "version": "4.3.0",
      "inBundle": true,
      "license": "MIT",
      "peer": true,
      "dependencies": {
        "color-convert": "^2.0.1"
      },
      "engines": {
        "node": ">=8"
      },
      "funding": {
        "url": "https://github.com/chalk/ansi-styles?sponsor=1"
      }
    },
    "node_modules/cdktf/node_modules/archiver": {
      "version": "7.0.1",
      "inBundle": true,
      "license": "MIT",
      "peer": true,
      "dependencies": {
        "archiver-utils": "^5.0.2",
        "async": "^3.2.4",
        "buffer-crc32": "^1.0.0",
        "readable-stream": "^4.0.0",
        "readdir-glob": "^1.1.2",
        "tar-stream": "^3.0.0",
        "zip-stream": "^6.0.1"
      },
      "engines": {
        "node": ">= 14"
      }
    },
    "node_modules/cdktf/node_modules/archiver-utils": {
      "version": "5.0.2",
      "inBundle": true,
      "license": "MIT",
      "peer": true,
      "dependencies": {
        "glob": "^10.0.0",
        "graceful-fs": "^4.2.0",
        "is-stream": "^2.0.1",
        "lazystream": "^1.0.0",
        "lodash": "^4.17.15",
        "normalize-path": "^3.0.0",
        "readable-stream": "^4.0.0"
      },
      "engines": {
        "node": ">= 14"
      }
    },
    "node_modules/cdktf/node_modules/async": {
      "version": "3.2.6",
      "inBundle": true,
      "license": "MIT",
      "peer": true
    },
    "node_modules/cdktf/node_modules/b4a": {
      "version": "1.6.7",
      "inBundle": true,
      "license": "Apache-2.0",
      "peer": true
    },
    "node_modules/cdktf/node_modules/balanced-match": {
      "version": "1.0.2",
      "inBundle": true,
      "license": "MIT",
      "peer": true
    },
    "node_modules/cdktf/node_modules/bare-events": {
      "version": "2.5.4",
      "inBundle": true,
      "license": "Apache-2.0",
      "optional": true,
      "peer": true
    },
    "node_modules/cdktf/node_modules/base64-js": {
      "version": "1.5.1",
      "funding": [
        {
          "type": "github",
          "url": "https://github.com/sponsors/feross"
        },
        {
          "type": "patreon",
          "url": "https://www.patreon.com/feross"
        },
        {
          "type": "consulting",
          "url": "https://feross.org/support"
        }
      ],
      "inBundle": true,
      "license": "MIT",
      "peer": true
    },
    "node_modules/cdktf/node_modules/brace-expansion": {
      "version": "2.0.1",
      "inBundle": true,
      "license": "MIT",
      "peer": true,
      "dependencies": {
        "balanced-match": "^1.0.0"
      }
    },
    "node_modules/cdktf/node_modules/buffer": {
      "version": "6.0.3",
      "funding": [
        {
          "type": "github",
          "url": "https://github.com/sponsors/feross"
        },
        {
          "type": "patreon",
          "url": "https://www.patreon.com/feross"
        },
        {
          "type": "consulting",
          "url": "https://feross.org/support"
        }
      ],
      "inBundle": true,
      "license": "MIT",
      "peer": true,
      "dependencies": {
        "base64-js": "^1.3.1",
        "ieee754": "^1.2.1"
      }
    },
    "node_modules/cdktf/node_modules/buffer-crc32": {
      "version": "1.0.0",
      "inBundle": true,
      "license": "MIT",
      "peer": true,
      "engines": {
        "node": ">=8.0.0"
      }
    },
    "node_modules/cdktf/node_modules/call-bind": {
      "version": "1.0.8",
      "inBundle": true,
      "license": "MIT",
      "peer": true,
      "dependencies": {
        "call-bind-apply-helpers": "^1.0.0",
        "es-define-property": "^1.0.0",
        "get-intrinsic": "^1.2.4",
        "set-function-length": "^1.2.2"
      },
      "engines": {
        "node": ">= 0.4"
      },
      "funding": {
        "url": "https://github.com/sponsors/ljharb"
      }
    },
    "node_modules/cdktf/node_modules/call-bind-apply-helpers": {
      "version": "1.0.2",
      "inBundle": true,
      "license": "MIT",
      "peer": true,
      "dependencies": {
        "es-errors": "^1.3.0",
        "function-bind": "^1.1.2"
      },
      "engines": {
        "node": ">= 0.4"
      }
    },
    "node_modules/cdktf/node_modules/call-bound": {
      "version": "1.0.4",
      "inBundle": true,
      "license": "MIT",
      "peer": true,
      "dependencies": {
        "call-bind-apply-helpers": "^1.0.2",
        "get-intrinsic": "^1.3.0"
      },
      "engines": {
        "node": ">= 0.4"
      },
      "funding": {
        "url": "https://github.com/sponsors/ljharb"
      }
    },
    "node_modules/cdktf/node_modules/color-convert": {
      "version": "2.0.1",
      "inBundle": true,
      "license": "MIT",
      "peer": true,
      "dependencies": {
        "color-name": "~1.1.4"
      },
      "engines": {
        "node": ">=7.0.0"
      }
    },
    "node_modules/cdktf/node_modules/color-name": {
      "version": "1.1.4",
      "inBundle": true,
      "license": "MIT",
      "peer": true
    },
    "node_modules/cdktf/node_modules/compress-commons": {
      "version": "6.0.2",
      "inBundle": true,
      "license": "MIT",
      "peer": true,
      "dependencies": {
        "crc-32": "^1.2.0",
        "crc32-stream": "^6.0.0",
        "is-stream": "^2.0.1",
        "normalize-path": "^3.0.0",
        "readable-stream": "^4.0.0"
      },
      "engines": {
        "node": ">= 14"
      }
    },
    "node_modules/cdktf/node_modules/core-util-is": {
      "version": "1.0.3",
      "inBundle": true,
      "license": "MIT",
      "peer": true
    },
    "node_modules/cdktf/node_modules/crc-32": {
      "version": "1.2.2",
      "inBundle": true,
      "license": "Apache-2.0",
      "peer": true,
      "bin": {
        "crc32": "bin/crc32.njs"
      },
      "engines": {
        "node": ">=0.8"
      }
    },
    "node_modules/cdktf/node_modules/crc32-stream": {
      "version": "6.0.0",
      "inBundle": true,
      "license": "MIT",
      "peer": true,
      "dependencies": {
        "crc-32": "^1.2.0",
        "readable-stream": "^4.0.0"
      },
      "engines": {
        "node": ">= 14"
      }
    },
    "node_modules/cdktf/node_modules/cross-spawn": {
      "version": "7.0.6",
      "inBundle": true,
      "license": "MIT",
      "peer": true,
      "dependencies": {
        "path-key": "^3.1.0",
        "shebang-command": "^2.0.0",
        "which": "^2.0.1"
      },
      "engines": {
        "node": ">= 8"
      }
    },
    "node_modules/cdktf/node_modules/define-data-property": {
      "version": "1.1.4",
      "inBundle": true,
      "license": "MIT",
      "peer": true,
      "dependencies": {
        "es-define-property": "^1.0.0",
        "es-errors": "^1.3.0",
        "gopd": "^1.0.1"
      },
      "engines": {
        "node": ">= 0.4"
      },
      "funding": {
        "url": "https://github.com/sponsors/ljharb"
      }
    },
    "node_modules/cdktf/node_modules/dunder-proto": {
      "version": "1.0.1",
      "inBundle": true,
      "license": "MIT",
      "peer": true,
      "dependencies": {
        "call-bind-apply-helpers": "^1.0.1",
        "es-errors": "^1.3.0",
        "gopd": "^1.2.0"
      },
      "engines": {
        "node": ">= 0.4"
      }
    },
    "node_modules/cdktf/node_modules/eastasianwidth": {
      "version": "0.2.0",
      "inBundle": true,
      "license": "MIT",
      "peer": true
    },
    "node_modules/cdktf/node_modules/emoji-regex": {
      "version": "8.0.0",
      "inBundle": true,
      "license": "MIT",
      "peer": true
    },
    "node_modules/cdktf/node_modules/es-define-property": {
      "version": "1.0.1",
      "inBundle": true,
      "license": "MIT",
      "peer": true,
      "engines": {
        "node": ">= 0.4"
      }
    },
    "node_modules/cdktf/node_modules/es-errors": {
      "version": "1.3.0",
      "inBundle": true,
      "license": "MIT",
      "peer": true,
      "engines": {
        "node": ">= 0.4"
      }
    },
    "node_modules/cdktf/node_modules/es-object-atoms": {
      "version": "1.1.1",
      "inBundle": true,
      "license": "MIT",
      "peer": true,
      "dependencies": {
        "es-errors": "^1.3.0"
      },
      "engines": {
        "node": ">= 0.4"
      }
    },
    "node_modules/cdktf/node_modules/event-target-shim": {
      "version": "5.0.1",
      "inBundle": true,
      "license": "MIT",
      "peer": true,
      "engines": {
        "node": ">=6"
      }
    },
    "node_modules/cdktf/node_modules/events": {
      "version": "3.3.0",
      "inBundle": true,
      "license": "MIT",
      "peer": true,
      "engines": {
        "node": ">=0.8.x"
      }
    },
    "node_modules/cdktf/node_modules/fast-fifo": {
      "version": "1.3.2",
      "inBundle": true,
      "license": "MIT",
      "peer": true
    },
    "node_modules/cdktf/node_modules/foreground-child": {
      "version": "3.3.1",
      "inBundle": true,
      "license": "ISC",
      "peer": true,
      "dependencies": {
        "cross-spawn": "^7.0.6",
        "signal-exit": "^4.0.1"
      },
      "engines": {
        "node": ">=14"
      },
      "funding": {
        "url": "https://github.com/sponsors/isaacs"
      }
    },
    "node_modules/cdktf/node_modules/function-bind": {
      "version": "1.1.2",
      "inBundle": true,
      "license": "MIT",
      "peer": true,
      "funding": {
        "url": "https://github.com/sponsors/ljharb"
      }
    },
    "node_modules/cdktf/node_modules/get-intrinsic": {
      "version": "1.3.0",
      "inBundle": true,
      "license": "MIT",
      "peer": true,
      "dependencies": {
        "call-bind-apply-helpers": "^1.0.2",
        "es-define-property": "^1.0.1",
        "es-errors": "^1.3.0",
        "es-object-atoms": "^1.1.1",
        "function-bind": "^1.1.2",
        "get-proto": "^1.0.1",
        "gopd": "^1.2.0",
        "has-symbols": "^1.1.0",
        "hasown": "^2.0.2",
        "math-intrinsics": "^1.1.0"
      },
      "engines": {
        "node": ">= 0.4"
      },
      "funding": {
        "url": "https://github.com/sponsors/ljharb"
      }
    },
    "node_modules/cdktf/node_modules/get-proto": {
      "version": "1.0.1",
      "inBundle": true,
      "license": "MIT",
      "peer": true,
      "dependencies": {
        "dunder-proto": "^1.0.1",
        "es-object-atoms": "^1.0.0"
      },
      "engines": {
        "node": ">= 0.4"
      }
    },
    "node_modules/cdktf/node_modules/glob": {
      "version": "10.4.5",
      "inBundle": true,
      "license": "ISC",
      "peer": true,
      "dependencies": {
        "foreground-child": "^3.1.0",
        "jackspeak": "^3.1.2",
        "minimatch": "^9.0.4",
        "minipass": "^7.1.2",
        "package-json-from-dist": "^1.0.0",
        "path-scurry": "^1.11.1"
      },
      "bin": {
        "glob": "dist/esm/bin.mjs"
      },
      "funding": {
        "url": "https://github.com/sponsors/isaacs"
      }
    },
    "node_modules/cdktf/node_modules/glob/node_modules/minimatch": {
      "version": "9.0.5",
      "inBundle": true,
      "license": "ISC",
      "peer": true,
      "dependencies": {
        "brace-expansion": "^2.0.1"
      },
      "engines": {
        "node": ">=16 || 14 >=14.17"
      },
      "funding": {
        "url": "https://github.com/sponsors/isaacs"
      }
    },
    "node_modules/cdktf/node_modules/gopd": {
      "version": "1.2.0",
      "inBundle": true,
      "license": "MIT",
      "peer": true,
      "engines": {
        "node": ">= 0.4"
      },
      "funding": {
        "url": "https://github.com/sponsors/ljharb"
      }
    },
    "node_modules/cdktf/node_modules/graceful-fs": {
      "version": "4.2.11",
      "inBundle": true,
      "license": "ISC",
      "peer": true
    },
    "node_modules/cdktf/node_modules/has-property-descriptors": {
      "version": "1.0.2",
      "inBundle": true,
      "license": "MIT",
      "peer": true,
      "dependencies": {
        "es-define-property": "^1.0.0"
      },
      "funding": {
        "url": "https://github.com/sponsors/ljharb"
      }
    },
    "node_modules/cdktf/node_modules/has-symbols": {
      "version": "1.1.0",
      "inBundle": true,
      "license": "MIT",
      "peer": true,
      "engines": {
        "node": ">= 0.4"
      },
      "funding": {
        "url": "https://github.com/sponsors/ljharb"
      }
    },
    "node_modules/cdktf/node_modules/hasown": {
      "version": "2.0.2",
      "inBundle": true,
      "license": "MIT",
      "peer": true,
      "dependencies": {
        "function-bind": "^1.1.2"
      },
      "engines": {
        "node": ">= 0.4"
      }
    },
    "node_modules/cdktf/node_modules/ieee754": {
      "version": "1.2.1",
      "funding": [
        {
          "type": "github",
          "url": "https://github.com/sponsors/feross"
        },
        {
          "type": "patreon",
          "url": "https://www.patreon.com/feross"
        },
        {
          "type": "consulting",
          "url": "https://feross.org/support"
        }
      ],
      "inBundle": true,
      "license": "BSD-3-Clause",
      "peer": true
    },
    "node_modules/cdktf/node_modules/inherits": {
      "version": "2.0.4",
      "inBundle": true,
      "license": "ISC",
      "peer": true
    },
    "node_modules/cdktf/node_modules/is-fullwidth-code-point": {
      "version": "3.0.0",
      "inBundle": true,
      "license": "MIT",
      "peer": true,
      "engines": {
        "node": ">=8"
      }
    },
    "node_modules/cdktf/node_modules/is-stream": {
      "version": "2.0.1",
      "inBundle": true,
      "license": "MIT",
      "peer": true,
      "engines": {
        "node": ">=8"
      },
      "funding": {
        "url": "https://github.com/sponsors/sindresorhus"
      }
    },
    "node_modules/cdktf/node_modules/isarray": {
      "version": "2.0.5",
      "inBundle": true,
      "license": "MIT",
      "peer": true
    },
    "node_modules/cdktf/node_modules/isexe": {
      "version": "2.0.0",
      "inBundle": true,
      "license": "ISC",
      "peer": true
    },
    "node_modules/cdktf/node_modules/jackspeak": {
      "version": "3.4.3",
      "inBundle": true,
      "license": "BlueOak-1.0.0",
      "peer": true,
      "dependencies": {
        "@isaacs/cliui": "^8.0.2"
      },
      "funding": {
        "url": "https://github.com/sponsors/isaacs"
      },
      "optionalDependencies": {
        "@pkgjs/parseargs": "^0.11.0"
      }
    },
    "node_modules/cdktf/node_modules/json-stable-stringify": {
      "version": "1.3.0",
      "inBundle": true,
      "license": "MIT",
      "peer": true,
      "dependencies": {
        "call-bind": "^1.0.8",
        "call-bound": "^1.0.4",
        "isarray": "^2.0.5",
        "jsonify": "^0.0.1",
        "object-keys": "^1.1.1"
      },
      "engines": {
        "node": ">= 0.4"
      },
      "funding": {
        "url": "https://github.com/sponsors/ljharb"
      }
    },
    "node_modules/cdktf/node_modules/jsonify": {
      "version": "0.0.1",
      "inBundle": true,
      "license": "Public Domain",
      "peer": true,
      "funding": {
        "url": "https://github.com/sponsors/ljharb"
      }
    },
    "node_modules/cdktf/node_modules/lazystream": {
      "version": "1.0.1",
      "inBundle": true,
      "license": "MIT",
      "peer": true,
      "dependencies": {
        "readable-stream": "^2.0.5"
      },
      "engines": {
        "node": ">= 0.6.3"
      }
    },
    "node_modules/cdktf/node_modules/lazystream/node_modules/isarray": {
      "version": "1.0.0",
      "inBundle": true,
      "license": "MIT",
      "peer": true
    },
    "node_modules/cdktf/node_modules/lazystream/node_modules/readable-stream": {
      "version": "2.3.8",
      "inBundle": true,
      "license": "MIT",
      "peer": true,
      "dependencies": {
        "core-util-is": "~1.0.0",
        "inherits": "~2.0.3",
        "isarray": "~1.0.0",
        "process-nextick-args": "~2.0.0",
        "safe-buffer": "~5.1.1",
        "string_decoder": "~1.1.1",
        "util-deprecate": "~1.0.1"
      }
    },
    "node_modules/cdktf/node_modules/lazystream/node_modules/safe-buffer": {
      "version": "5.1.2",
      "inBundle": true,
      "license": "MIT",
      "peer": true
    },
    "node_modules/cdktf/node_modules/lazystream/node_modules/string_decoder": {
      "version": "1.1.1",
      "inBundle": true,
      "license": "MIT",
      "peer": true,
      "dependencies": {
        "safe-buffer": "~5.1.0"
      }
    },
    "node_modules/cdktf/node_modules/lodash": {
      "version": "4.17.21",
      "inBundle": true,
      "license": "MIT",
      "peer": true
    },
    "node_modules/cdktf/node_modules/lru-cache": {
      "version": "10.4.3",
      "inBundle": true,
      "license": "ISC",
      "peer": true
    },
    "node_modules/cdktf/node_modules/math-intrinsics": {
      "version": "1.1.0",
      "inBundle": true,
      "license": "MIT",
      "peer": true,
      "engines": {
        "node": ">= 0.4"
      }
    },
    "node_modules/cdktf/node_modules/minimatch": {
      "version": "5.1.6",
      "inBundle": true,
      "license": "ISC",
      "peer": true,
      "dependencies": {
        "brace-expansion": "^2.0.1"
      },
      "engines": {
        "node": ">=10"
      }
    },
    "node_modules/cdktf/node_modules/minipass": {
      "version": "7.1.2",
      "inBundle": true,
      "license": "ISC",
      "peer": true,
      "engines": {
        "node": ">=16 || 14 >=14.17"
      }
    },
    "node_modules/cdktf/node_modules/normalize-path": {
      "version": "3.0.0",
      "inBundle": true,
      "license": "MIT",
      "peer": true,
      "engines": {
        "node": ">=0.10.0"
      }
    },
    "node_modules/cdktf/node_modules/object-keys": {
      "version": "1.1.1",
      "inBundle": true,
      "license": "MIT",
      "peer": true,
      "engines": {
        "node": ">= 0.4"
      }
    },
    "node_modules/cdktf/node_modules/package-json-from-dist": {
      "version": "1.0.1",
      "inBundle": true,
      "license": "BlueOak-1.0.0",
      "peer": true
    },
    "node_modules/cdktf/node_modules/path-key": {
      "version": "3.1.1",
      "inBundle": true,
      "license": "MIT",
      "peer": true,
      "engines": {
        "node": ">=8"
      }
    },
    "node_modules/cdktf/node_modules/path-scurry": {
      "version": "1.11.1",
      "inBundle": true,
      "license": "BlueOak-1.0.0",
      "peer": true,
      "dependencies": {
        "lru-cache": "^10.2.0",
        "minipass": "^5.0.0 || ^6.0.2 || ^7.0.0"
      },
      "engines": {
        "node": ">=16 || 14 >=14.18"
      },
      "funding": {
        "url": "https://github.com/sponsors/isaacs"
      }
    },
    "node_modules/cdktf/node_modules/process": {
      "version": "0.11.10",
      "inBundle": true,
      "license": "MIT",
      "peer": true,
      "engines": {
        "node": ">= 0.6.0"
      }
    },
    "node_modules/cdktf/node_modules/process-nextick-args": {
      "version": "2.0.1",
      "inBundle": true,
      "license": "MIT",
      "peer": true
    },
    "node_modules/cdktf/node_modules/readable-stream": {
      "version": "4.7.0",
      "inBundle": true,
      "license": "MIT",
      "peer": true,
      "dependencies": {
        "abort-controller": "^3.0.0",
        "buffer": "^6.0.3",
        "events": "^3.3.0",
        "process": "^0.11.10",
        "string_decoder": "^1.3.0"
      },
      "engines": {
        "node": "^12.22.0 || ^14.17.0 || >=16.0.0"
      }
    },
    "node_modules/cdktf/node_modules/readdir-glob": {
      "version": "1.1.3",
      "inBundle": true,
      "license": "Apache-2.0",
      "peer": true,
      "dependencies": {
        "minimatch": "^5.1.0"
      }
    },
    "node_modules/cdktf/node_modules/safe-buffer": {
      "version": "5.2.1",
      "funding": [
        {
          "type": "github",
          "url": "https://github.com/sponsors/feross"
        },
        {
          "type": "patreon",
          "url": "https://www.patreon.com/feross"
        },
        {
          "type": "consulting",
          "url": "https://feross.org/support"
        }
      ],
      "inBundle": true,
      "license": "MIT",
      "peer": true
    },
    "node_modules/cdktf/node_modules/semver": {
      "version": "7.7.2",
      "inBundle": true,
      "license": "ISC",
      "peer": true,
      "bin": {
        "semver": "bin/semver.js"
      },
      "engines": {
        "node": ">=10"
      }
    },
    "node_modules/cdktf/node_modules/set-function-length": {
      "version": "1.2.2",
      "inBundle": true,
      "license": "MIT",
      "peer": true,
      "dependencies": {
        "define-data-property": "^1.1.4",
        "es-errors": "^1.3.0",
        "function-bind": "^1.1.2",
        "get-intrinsic": "^1.2.4",
        "gopd": "^1.0.1",
        "has-property-descriptors": "^1.0.2"
      },
      "engines": {
        "node": ">= 0.4"
      }
    },
    "node_modules/cdktf/node_modules/shebang-command": {
      "version": "2.0.0",
      "inBundle": true,
      "license": "MIT",
      "peer": true,
      "dependencies": {
        "shebang-regex": "^3.0.0"
      },
      "engines": {
        "node": ">=8"
      }
    },
    "node_modules/cdktf/node_modules/shebang-regex": {
      "version": "3.0.0",
      "inBundle": true,
      "license": "MIT",
      "peer": true,
      "engines": {
        "node": ">=8"
      }
    },
    "node_modules/cdktf/node_modules/signal-exit": {
      "version": "4.1.0",
      "inBundle": true,
      "license": "ISC",
      "peer": true,
      "engines": {
        "node": ">=14"
      },
      "funding": {
        "url": "https://github.com/sponsors/isaacs"
      }
    },
    "node_modules/cdktf/node_modules/streamx": {
      "version": "2.22.0",
      "inBundle": true,
      "license": "MIT",
      "peer": true,
      "dependencies": {
        "fast-fifo": "^1.3.2",
        "text-decoder": "^1.1.0"
      },
      "optionalDependencies": {
        "bare-events": "^2.2.0"
      }
    },
    "node_modules/cdktf/node_modules/string_decoder": {
      "version": "1.3.0",
      "inBundle": true,
      "license": "MIT",
      "peer": true,
      "dependencies": {
        "safe-buffer": "~5.2.0"
      }
    },
    "node_modules/cdktf/node_modules/string-width": {
      "version": "5.1.2",
      "inBundle": true,
      "license": "MIT",
      "peer": true,
      "dependencies": {
        "eastasianwidth": "^0.2.0",
        "emoji-regex": "^9.2.2",
        "strip-ansi": "^7.0.1"
      },
      "engines": {
        "node": ">=12"
      },
      "funding": {
        "url": "https://github.com/sponsors/sindresorhus"
      }
    },
    "node_modules/cdktf/node_modules/string-width-cjs": {
      "name": "string-width",
      "version": "4.2.3",
      "inBundle": true,
      "license": "MIT",
      "peer": true,
      "dependencies": {
        "emoji-regex": "^8.0.0",
        "is-fullwidth-code-point": "^3.0.0",
        "strip-ansi": "^6.0.1"
      },
      "engines": {
        "node": ">=8"
      }
    },
    "node_modules/cdktf/node_modules/string-width-cjs/node_modules/strip-ansi": {
      "version": "6.0.1",
      "inBundle": true,
      "license": "MIT",
      "peer": true,
      "dependencies": {
        "ansi-regex": "^5.0.1"
      },
      "engines": {
        "node": ">=8"
      }
    },
    "node_modules/cdktf/node_modules/string-width/node_modules/emoji-regex": {
      "version": "9.2.2",
      "inBundle": true,
      "license": "MIT",
      "peer": true
    },
    "node_modules/cdktf/node_modules/strip-ansi": {
      "version": "7.1.0",
      "inBundle": true,
      "license": "MIT",
      "peer": true,
      "dependencies": {
        "ansi-regex": "^6.0.1"
      },
      "engines": {
        "node": ">=12"
      },
      "funding": {
        "url": "https://github.com/chalk/strip-ansi?sponsor=1"
      }
    },
    "node_modules/cdktf/node_modules/strip-ansi-cjs": {
      "name": "strip-ansi",
      "version": "6.0.1",
      "inBundle": true,
      "license": "MIT",
      "peer": true,
      "dependencies": {
        "ansi-regex": "^5.0.1"
      },
      "engines": {
        "node": ">=8"
      }
    },
    "node_modules/cdktf/node_modules/strip-ansi/node_modules/ansi-regex": {
      "version": "6.1.0",
      "inBundle": true,
      "license": "MIT",
      "peer": true,
      "engines": {
        "node": ">=12"
      },
      "funding": {
        "url": "https://github.com/chalk/ansi-regex?sponsor=1"
      }
    },
    "node_modules/cdktf/node_modules/tar-stream": {
      "version": "3.1.7",
      "inBundle": true,
      "license": "MIT",
      "peer": true,
      "dependencies": {
        "b4a": "^1.6.4",
        "fast-fifo": "^1.2.0",
        "streamx": "^2.15.0"
      }
    },
    "node_modules/cdktf/node_modules/text-decoder": {
      "version": "1.2.3",
      "inBundle": true,
      "license": "Apache-2.0",
      "peer": true,
      "dependencies": {
        "b4a": "^1.6.4"
      }
    },
    "node_modules/cdktf/node_modules/util-deprecate": {
      "version": "1.0.2",
      "inBundle": true,
      "license": "MIT",
      "peer": true
    },
    "node_modules/cdktf/node_modules/which": {
      "version": "2.0.2",
      "inBundle": true,
      "license": "ISC",
      "peer": true,
      "dependencies": {
        "isexe": "^2.0.0"
      },
      "bin": {
        "node-which": "bin/node-which"
      },
      "engines": {
        "node": ">= 8"
      }
    },
    "node_modules/cdktf/node_modules/wrap-ansi": {
      "version": "8.1.0",
      "inBundle": true,
      "license": "MIT",
      "peer": true,
      "dependencies": {
        "ansi-styles": "^6.1.0",
        "string-width": "^5.0.1",
        "strip-ansi": "^7.0.1"
      },
      "engines": {
        "node": ">=12"
      },
      "funding": {
        "url": "https://github.com/chalk/wrap-ansi?sponsor=1"
      }
    },
    "node_modules/cdktf/node_modules/wrap-ansi-cjs": {
      "name": "wrap-ansi",
      "version": "7.0.0",
      "inBundle": true,
      "license": "MIT",
      "peer": true,
      "dependencies": {
        "ansi-styles": "^4.0.0",
        "string-width": "^4.1.0",
        "strip-ansi": "^6.0.0"
      },
      "engines": {
        "node": ">=10"
      },
      "funding": {
        "url": "https://github.com/chalk/wrap-ansi?sponsor=1"
      }
    },
    "node_modules/cdktf/node_modules/wrap-ansi-cjs/node_modules/string-width": {
      "version": "4.2.3",
      "inBundle": true,
      "license": "MIT",
      "peer": true,
      "dependencies": {
        "emoji-regex": "^8.0.0",
        "is-fullwidth-code-point": "^3.0.0",
        "strip-ansi": "^6.0.1"
      },
      "engines": {
        "node": ">=8"
      }
    },
    "node_modules/cdktf/node_modules/wrap-ansi-cjs/node_modules/strip-ansi": {
      "version": "6.0.1",
      "inBundle": true,
      "license": "MIT",
      "peer": true,
      "dependencies": {
        "ansi-regex": "^5.0.1"
      },
      "engines": {
        "node": ">=8"
      }
    },
    "node_modules/cdktf/node_modules/wrap-ansi/node_modules/ansi-styles": {
      "version": "6.2.1",
      "inBundle": true,
      "license": "MIT",
      "peer": true,
      "engines": {
        "node": ">=12"
      },
      "funding": {
        "url": "https://github.com/chalk/ansi-styles?sponsor=1"
      }
    },
    "node_modules/cdktf/node_modules/zip-stream": {
      "version": "6.0.1",
      "inBundle": true,
      "license": "MIT",
      "peer": true,
      "dependencies": {
        "archiver-utils": "^5.0.0",
        "compress-commons": "^6.0.2",
        "readable-stream": "^4.0.0"
      },
      "engines": {
        "node": ">= 14"
      }
    },
    "node_modules/constructs": {
      "version": "10.8.1",
      "resolved": "https://registry.npmjs.org/constructs/-/constructs-10.8.1.tgz",
      "integrity": "sha512-98yGXYyhePqPYh3cYu8nzBERmAhC0DONe3UD03okK0nehZ7hYP4wgZuf02a04+uOWxnTJ5Rpp5m0GRNpwyLGGA==",
      "license": "Apache-2.0"
    },
    "node_modules/typescript": {
      "version": "7.0.2",
      "resolved": "https://registry.npmjs.org/typescript/-/typescript-7.0.2.tgz",
      "integrity": "sha512-8FYau96o3NKOhbjKi/qNvG/W5jhzxkbdm5sj9AbZ/5T5sWqn3hJgLfGx27sRKZWTvyzCP8dLRBTf5tBTSRVUNA==",
      "dev": true,
      "license": "Apache-2.0",
      "bin": {
        "tsc": "bin/tsc"
      },
      "engines": {
        "node": ">=16.20.0"
      },
      "optionalDependencies": {
        "@typescript/typescript-aix-ppc64": "7.0.2",
        "@typescript/typescript-darwin-arm64": "7.0.2",
        "@typescript/typescript-darwin-x64": "7.0.2",
        "@typescript/typescript-freebsd-arm64": "7.0.2",
        "@typescript/typescript-freebsd-x64": "7.0.2",
        "@typescript/typescript-linux-arm": "7.0.2",
        "@typescript/typescript-linux-arm64": "7.0.2",
        "@typescript/typescript-linux-loong64": "7.0.2",
        "@typescript/typescript-linux-mips64el": "7.0.2",
        "@typescript/typescript-linux-ppc64": "7.0.2",
        "@typescript/typescript-linux-riscv64": "7.0.2",
        "@typescript/typescript-linux-s390x": "7.0.2",
        "@typescript/typescript-linux-x64": "7.0.2",
        "@typescript/typescript-netbsd-arm64": "7.0.2",
        "@typescript/typescript-netbsd-x64": "7.0.2",
        "@typescript/typescript-openbsd-arm64": "7.0.2",
        "@typescript/typescript-openbsd-x64": "7.0.2",
        "@typescript/typescript-sunos-x64": "7.0.2",
        "@typescript/typescript-win32-arm64": "7.0.2",
        "@typescript/typescript-win32-x64": "7.0.2"
      }
    },
    "node_modules/undici-types": {
      "version": "8.9.0",
      "resolved": "https://registry.npmjs.org/undici-types/-/undici-types-8.9.0.tgz",
      "integrity": "sha512-KTDyRTYX8sWmKXAikPHHSyc63CRPETMctyjKFupcC6OBLXT3xsN0e9aF7m+mIXutFWpUXuedtowG7iLOzp0kQg==",
      "dev": true,
      "license": "MIT"
    }
  }
}
